
Microsoft Visual Studio Solution File, Format Version 12.00
# Visual Studio Version 17
VisualStudioVersion = 17.0.31903.59
MinimumVisualStudioVersion = 10.0.40219.1
Project("{2150E333-8FDC-42A3-9474-1A3956D46DE8}") = "src", "src", "{827E0CD3-B72D-47B6-A68D-7590B98EB39B}"
EndProject
Project("{FAE04EC0-301F-11D3-BF4B-00C04F79EFBC}") = "Domain", "src\Domain\Domain.csproj", "{9DE13830-A8DE-4CBD-85D5-CD22B339CBDF}"
EndProject
Project("{FAE04EC0-301F-11D3-BF4B-00C04F79EFBC}") = "Application", "src\Application\Application.csproj", "{0FA725A3-AED3-452C-938B-670DD6257186}"
EndProject
Project("{FAE04EC0-301F-11D3-BF4B-00C04F79EFBC}") = "Infrastructure", "src\Infrastructure\Infrastructure.csproj", "{FF4EF69F-3852-4111-9925-A4ED4EB0028B}"
EndProject
Project("{FAE04EC0-301F-11D3-BF4B-00C04F79EFBC}") = "API", "src\API\API.csproj", "{7220D869-70B6-475E-BAA7-5D270531FAD7}"
EndProject
Global
	GlobalSection(SolutionConfigurationPlatforms) = preSolution
		Debug|Any CPU = Debug|Any CPU
		Debug|x64 = Debug|x64
		Debug|x86 = Debug|x86
		Release|Any CPU = Release|Any CPU
		Release|x64 = Release|x64
		Release|x86 = Release|x86
	EndGlobalSection
	GlobalSection(ProjectConfigurationPlatforms) = postSolution
		{9DE13830-A8DE-4CBD-85D5-CD22B339CBDF}.Debug|Any CPU.ActiveCfg = Debug|Any CPU
		{9DE13830-A8DE-4CBD-85D5-CD22B339CBDF}.Debug|Any CPU.Build.0 = Debug|Any CPU
		{9DE13830-A8DE-4CBD-85D5-CD22B339CBDF}.Debug|x64.ActiveCfg = Debug|Any CPU
		{9DE13830-A8DE-4CBD-85D5-CD22B339CBDF}.Debug|x64.Build.0 = Debug|Any CPU
		{9DE13830-A8DE-4CBD-85D5-CD22B339CBDF}.Debug|x86.ActiveCfg = Debug|Any CPU
		{9DE13830-A8DE-4CBD-85D5-CD22B339CBDF}.Debug|x86.Build.0 = Debug|Any CPU
		{9DE13830-A8DE-4CBD-85D5-CD22B339CBDF}.Release|Any CPU.ActiveCfg = Release|Any CPU
		{9DE13830-A8DE-4CBD-85D5-CD22B339CBDF}.Release|Any CPU.Build.0 = Release|Any CPU
		{9DE13830-A8DE-4CBD-85D5-CD22B339CBDF}.Release|x64.ActiveCfg = Release|Any CPU
		{9DE13830-A8DE-4CBD-85D5-CD22B339CBDF}.Release|x64.Build.0 = Release|Any CPU
		{9DE13830-A8DE-4CBD-85D5-CD22B339CBDF}.Release|x86.ActiveCfg = Release|Any CPU
		{9DE13830-A8DE-4CBD-85D5-CD22B339CBDF}.Release|x86.Build.0 = Release|Any CPU
		{0FA725A3-AED3-452C-938B-670DD6257186}.Debug|Any CPU.ActiveCfg = Debug|Any CPU
		{0FA725A3-AED3-452C-938B-670DD6257186}.Debug|Any CPU.Build.0 = Debug|Any CPU
		{0FA725A3-AED3-452C-938B-670DD6257186}.Debug|x64.ActiveCfg = Debug|Any CPU
		{0FA725A3-AED3-452C-938B-670DD6257186}.Debug|x64.Build.0 = Debug|Any CPU
		{0FA725A3-AED3-452C-938B-670DD6257186}.Debug|x86.ActiveCfg = Debug|Any CPU
		{0FA725A3-AED3-452C-938B-670DD6257186}.Debug|x86.Build.0 = Debug|Any CPU
		{0FA725A3-AED3-452C-938B-670DD6257186}.Release|Any CPU.ActiveCfg = Release|Any CPU
		{0FA725A3-AED3-452C-938B-670DD6257186}.Release|Any CPU.Build.0 = Release|Any CPU
		{0FA725A3-AED3-452C-938B-670DD6257186}.Release|x64.ActiveCfg = Release|Any CPU
		{0FA725A3-AED3-452C-938B-670DD6257186}.Release|x64.Build.0 = Release|Any CPU
		{0FA725A3-AED3-452C-938B-670DD6257186}.Release|x86.ActiveCfg = Release|Any CPU
		{0FA725A3-AED3-452C-938B-670DD6257186}.Release|x86.Build.0 = Release|Any CPU
		{FF4EF69F-3852-4111-9925-A4ED4EB0028B}.Debug|Any CPU.ActiveCfg = Debug|Any CPU
		{FF4EF69F-3852-4111-9925-A4ED4EB0028B}.Debug|Any CPU.Build.0 = Debug|Any CPU
		{FF4EF69F-3852-4111-9925-A4ED4EB0028B}.Debug|x64.ActiveCfg = Debug|Any CPU
		{FF4EF69F-3852-4111-9925-A4ED4EB0028B}.Debug|x64.Build.0 = Debug|Any CPU
		{FF4EF69F-3852-4111-9925-A4ED4EB0028B}.Debug|x86.ActiveCfg = Debug|Any CPU
		{FF4EF69F-3852-4111-9925-A4ED4EB0028B}.Debug|x86.Build.0 = Debug|Any CPU
		{FF4EF69F-3852-4111-9925-A4ED4EB0028B}.Release|Any CPU.ActiveCfg = Release|Any CPU
		{FF4EF69F-3852-4111-9925-A4ED4EB0028B}.Release|Any CPU.Build.0 = Release|Any CPU
		{FF4EF69F-3852-4111-9925-A4ED4EB0028B}.Release|x64.ActiveCfg = Release|Any CPU
		{FF4EF69F-3852-4111-9925-A4ED4EB0028B}.Release|x64.Build.0 = Release|Any CPU
		{FF4EF69F-3852-4111-9925-A4ED4EB0028B}.Release|x86.ActiveCfg = Release|Any CPU
		{FF4EF69F-3852-4111-9925-A4ED4EB0028B}.Release|x86.Build.0 = Release|Any CPU
		{7220D869-70B6-475E-BAA7-5D270531FAD7}.Debug|Any CPU.ActiveCfg = Debug|Any CPU
		{7220D869-70B6-475E-BAA7-5D270531FAD7}.Debug|Any CPU.Build.0 = Debug|Any CPU
		{7220D869-70B6-475E-BAA7-5D270531FAD7}.Debug|x64.ActiveCfg = Debug|Any CPU
		{7220D869-70B6-475E-BAA7-5D270531FAD7}.Debug|x64.Build.0 = Debug|Any CPU
		{7220D869-70B6-475E-BAA7-5D270531FAD7}.Debug|x86.ActiveCfg = Debug|Any CPU
		{7220D869-70B6-475E-BAA7-5D270531FAD7}.Debug|x86.Build.0 = Debug|Any CPU
		{7220D869-70B6-475E-BAA7-5D270531FAD7}.Release|Any CPU.ActiveCfg = Release|Any CPU
		{7220D869-70B6-475E-BAA7-5D270531FAD7}.Release|Any CPU.Build.0 = Release|Any CPU
		{7220D869-70B6-475E-BAA7-5D270531FAD7}.Release|x64.ActiveCfg = Release|Any CPU
		{7220D869-70B6-475E-BAA7-5D270531FAD7}.Release|x64.Build.0 = Release|Any CPU
		{7220D869-70B6-475E-BAA7-5D270531FAD7}.Release|x86.ActiveCfg = Release|Any CPU
		{7220D869-70B6-475E-BAA7-5D270531FAD7}.Release|x86.Build.0 = Release|Any CPU
	EndGlobalSection
	GlobalSection(SolutionProperties) = preSolution
		HideSolutionNode = FALSE
	EndGlobalSection
	GlobalSection(NestedProjects) = preSolution
		{9DE13830-A8DE-4CBD-85D5-CD22B339CBDF} = {827E0CD3-B72D-47B6-A68D-7590B98EB39B}
		{0FA725A3-AED3-452C-938B-670DD6257186} = {827E0CD3-B72D-47B6-A68D-7590B98EB39B}
		{FF4EF69F-3852-4111-9925-A4ED4EB0028B} = {827E0CD3-B72D-47B6-A68D-7590B98EB39B}
		{7220D869-70B6-475E-BAA7-5D270531FAD7} = {827E0CD3-B72D-47B6-A68D-7590B98EB39B}
	EndGlobalSection
EndGlobal
